
Microsoft Visual Studio Solution File, Format Version 12.00
# Visual Studio Version 16
VisualStudioVersion = 16.0.29519.87
MinimumVisualStudioVersion = 10.0.40219.1
Project("{9A19103F-16F7-4668-BE54-9A1E7A4F7556}") = "CoffeeMachine.Api", "CoffeeMachine\CoffeeMachine.Api.csproj", "{B4C0474C-6417-42DE-AE69-52120295895B}"
EndProject
Project("{9A19103F-16F7-4668-BE54-9A1E7A4F7556}") = "CoffeeMachine.Dto", "Entities\CoffeeMachine.Dto.csproj", "{5D7002ED-5D11-4460-B08E-A6F8FB6DB0F8}"
EndProject
Project("{9A19103F-16F7-4668-BE54-9A1E7A4F7556}") = "CoffeeMachine.Business", "CoffeMachineBusiness\CoffeeMachine.Business.csproj", "{90E09E76-6F13-40AE-8B27-4F6DF3588811}"
EndProject
Project("{9A19103F-16F7-4668-BE54-9A1E7A4F7556}") = "CoffeeMachine.Dal", "CoffeeMachine.Dal\CoffeeMachine.Dal.csproj", "{1412299F-F334-4FB1-AE6B-ADE3B75870EF}"
EndProject
Project("{FAE04EC0-301F-11D3-BF4B-00C04F79EFBC}") = "CoffeMachine.Business.Tests", "CoffeMachine.Business.Tests\CoffeMachine.Business.Tests.csproj", "{5E76BFA6-CD04-48A3-B7B5-FA490A9AE0EA}"
EndProject
Global
	GlobalSection(SolutionConfigurationPlatforms) = preSolution
		Debug|Any CPU = Debug|Any CPU
		Release|Any CPU = Release|Any CPU
	EndGlobalSection
	GlobalSection(ProjectConfigurationPlatforms) = postSolution
		{B4C0474C-6417-42DE-AE69-52120295895B}.Debug|Any CPU.ActiveCfg = Debug|Any CPU
		{B4C0474C-6417-42DE-AE69-52120295895B}.Debug|Any CPU.Build.0 = Debug|Any CPU
		{B4C0474C-6417-42DE-AE69-52120295895B}.Release|Any CPU.ActiveCfg = Release|Any CPU
		{B4C0474C-6417-42DE-AE69-52120295895B}.Release|Any CPU.Build.0 = Release|Any CPU
		{5D7002ED-5D11-4460-B08E-A6F8FB6DB0F8}.Debug|Any CPU.ActiveCfg = Debug|Any CPU
		{5D7002ED-5D11-4460-B08E-A6F8FB6DB0F8}.Debug|Any CPU.Build.0 = Debug|Any CPU
		{5D7002ED-5D11-4460-B08E-A6F8FB6DB0F8}.Release|Any CPU.ActiveCfg = Release|Any CPU
		{5D7002ED-5D11-4460-B08E-A6F8FB6DB0F8}.Release|Any CPU.Build.0 = Release|Any CPU
		{90E09E76-6F13-40AE-8B27-4F6DF3588811}.Debug|Any CPU.ActiveCfg = Debug|Any CPU
		{90E09E76-6F13-40AE-8B27-4F6DF3588811}.Debug|Any CPU.Build.0 = Debug|Any CPU
		{90E09E76-6F13-40AE-8B27-4F6DF3588811}.Release|Any CPU.ActiveCfg = Release|Any CPU
		{90E09E76-6F13-40AE-8B27-4F6DF3588811}.Release|Any CPU.Build.0 = Release|Any CPU
		{1412299F-F334-4FB1-AE6B-ADE3B75870EF}.Debug|Any CPU.ActiveCfg = Debug|Any CPU
		{1412299F-F334-4FB1-AE6B-ADE3B75870EF}.Debug|Any CPU.Build.0 = Debug|Any CPU
		{1412299F-F334-4FB1-AE6B-ADE3B75870EF}.Release|Any CPU.ActiveCfg = Release|Any CPU
		{1412299F-F334-4FB1-AE6B-ADE3B75870EF}.Release|Any CPU.Build.0 = Release|Any CPU
		{5E76BFA6-CD04-48A3-B7B5-FA490A9AE0EA}.Debug|Any CPU.ActiveCfg = Debug|Any CPU
		{5E76BFA6-CD04-48A3-B7B5-FA490A9AE0EA}.Debug|Any CPU.Build.0 = Debug|Any CPU
		{5E76BFA6-CD04-48A3-B7B5-FA490A9AE0EA}.Release|Any CPU.ActiveCfg = Release|Any CPU
		{5E76BFA6-CD04-48A3-B7B5-FA490A9AE0EA}.Release|Any CPU.Build.0 = Release|Any CPU
	EndGlobalSection
	GlobalSection(SolutionProperties) = preSolution
		HideSolutionNode = FALSE
	EndGlobalSection
	GlobalSection(ExtensibilityGlobals) = postSolution
		SolutionGuid = {CAED43D7-F235-4367-A4DC-D906929DBC7D}
	EndGlobalSection
EndGlobal
